
Microsoft Visual Studio Solution File, Format Version 12.00
# Visual Studio Version 17
VisualStudioVersion = 17.5.002.0
MinimumVisualStudioVersion = 10.0.40219.1
Project("{9A19103F-16F7-4668-BE54-9A1E7A4F7556}") = "appnasa", "appnasa.csproj", "{0AD6F3E8-B6CC-4249-B03A-54EF2F28FCD3}"
EndProject
Global
	GlobalSection(SolutionConfigurationPlatforms) = preSolution
		Debug|Any CPU = Debug|Any CPU
		Release|Any CPU = Release|Any CPU
	EndGlobalSection
	GlobalSection(ProjectConfigurationPlatforms) = postSolution
		{0AD6F3E8-B6CC-4249-B03A-54EF2F28FCD3}.Debug|Any CPU.ActiveCfg = Debug|Any CPU
		{0AD6F3E8-B6CC-4249-B03A-54EF2F28FCD3}.Debug|Any CPU.Build.0 = Debug|Any CPU
		{0AD6F3E8-B6CC-4249-B03A-54EF2F28FCD3}.Release|Any CPU.ActiveCfg = Release|Any CPU
		{0AD6F3E8-B6CC-4249-B03A-54EF2F28FCD3}.Release|Any CPU.Build.0 = Release|Any CPU
	EndGlobalSection
	GlobalSection(SolutionProperties) = preSolution
		HideSolutionNode = FALSE
	EndGlobalSection
	GlobalSection(ExtensibilityGlobals) = postSolution
		SolutionGuid = {61F0FA6E-57B5-4979-AAA7-C2B283472825}
	EndGlobalSection
EndGlobal
